
Microsoft Visual Studio Solution File, Format Version 12.00
# Visual Studio Version 17
VisualStudioVersion = 17.0.31903.59
MinimumVisualStudioVersion = 10.0.40219.1
Project("{FAE04EC0-301F-11D3-BF4B-00C04F79EFBC}") = "EstoreApp", "EstoreApp\EstoreApp.csproj", "{8845CB1B-E6F5-410A-A1FC-B742EE70EE85}"
EndProject
Project("{FAE04EC0-301F-11D3-BF4B-00C04F79EFBC}") = "BOL", "BOL\BOL.csproj", "{C16172AF-3BE2-4BAE-8AB0-828B05280F19}"
EndProject
Project("{FAE04EC0-301F-11D3-BF4B-00C04F79EFBC}") = "BLL", "BLL\BLL.csproj", "{FD638AAC-513B-4B08-BE0A-0A783B27620A}"
EndProject
Global
	GlobalSection(SolutionConfigurationPlatforms) = preSolution
		Debug|Any CPU = Debug|Any CPU
		Release|Any CPU = Release|Any CPU
	EndGlobalSection
	GlobalSection(SolutionProperties) = preSolution
		HideSolutionNode = FALSE
	EndGlobalSection
	GlobalSection(ProjectConfigurationPlatforms) = postSolution
		{8845CB1B-E6F5-410A-A1FC-B742EE70EE85}.Debug|Any CPU.ActiveCfg = Debug|Any CPU
		{8845CB1B-E6F5-410A-A1FC-B742EE70EE85}.Debug|Any CPU.Build.0 = Debug|Any CPU
		{8845CB1B-E6F5-410A-A1FC-B742EE70EE85}.Release|Any CPU.ActiveCfg = Release|Any CPU
		{8845CB1B-E6F5-410A-A1FC-B742EE70EE85}.Release|Any CPU.Build.0 = Release|Any CPU
		{C16172AF-3BE2-4BAE-8AB0-828B05280F19}.Debug|Any CPU.ActiveCfg = Debug|Any CPU
		{C16172AF-3BE2-4BAE-8AB0-828B05280F19}.Debug|Any CPU.Build.0 = Debug|Any CPU
		{C16172AF-3BE2-4BAE-8AB0-828B05280F19}.Release|Any CPU.ActiveCfg = Release|Any CPU
		{C16172AF-3BE2-4BAE-8AB0-828B05280F19}.Release|Any CPU.Build.0 = Release|Any CPU
		{FD638AAC-513B-4B08-BE0A-0A783B27620A}.Debug|Any CPU.ActiveCfg = Debug|Any CPU
		{FD638AAC-513B-4B08-BE0A-0A783B27620A}.Debug|Any CPU.Build.0 = Debug|Any CPU
		{FD638AAC-513B-4B08-BE0A-0A783B27620A}.Release|Any CPU.ActiveCfg = Release|Any CPU
		{FD638AAC-513B-4B08-BE0A-0A783B27620A}.Release|Any CPU.Build.0 = Release|Any CPU
	EndGlobalSection
EndGlobal
